
Microsoft Visual Studio Solution File, Format Version 12.00
# Visual Studio Version 16
VisualStudioVersion = 16.0.30611.23
MinimumVisualStudioVersion = 15.0.26124.0
Project("{FAE04EC0-301F-11D3-BF4B-00C04F79EFBC}") = "Konechnyjj_proekt.Objects", "Objects/Konechnyjj_proekt.Objects.csproj", "1a3f927c-4bb4-4b35-9a73-da1f5d1435db"
EndProject
Project("{FAE04EC0-301F-11D3-BF4B-00C04F79EFBC}") = "Konechnyjj_proekt.Tests", "Tests/Konechnyjj_proekt.Tests.csproj", "45a27b66-e4b7-41c1-9962-b901490b1665"
EndProject
Project("{FAE04EC0-301F-11D3-BF4B-00C04F79EFBC}") = "Konechnyjj_proekt.ODataBackend", "ODataBackend/Konechnyjj_proekt.ODataBackend.csproj", "43610959-dae8-4e8f-a3ea-99c7944307ab"
EndProject
Project("{FAE04EC0-301F-11D3-BF4B-00C04F79EFBC}") = "Konechnyjj_proekt.IntegrationTests", "IntegrationTests/Konechnyjj_proekt.IntegrationTests.csproj", "301f6241-873d-4c44-8c34-8fca6b05b357"
EndProject
Global
	GlobalSection(SolutionConfigurationPlatforms) = preSolution
Debug|Any CPU = Debug|Any CPU
Release|Any CPU = Release|Any CPU
	EndGlobalSection
	GlobalSection(ProjectConfigurationPlatforms) = postSolution
		1a3f927c-4bb4-4b35-9a73-da1f5d1435db.Debug|Any CPU.ActiveCfg = Debug|Any CPU
		1a3f927c-4bb4-4b35-9a73-da1f5d1435db.Debug|Any CPU.Build.0 = Debug|Any CPU
		1a3f927c-4bb4-4b35-9a73-da1f5d1435db.Release|Any CPU.ActiveCfg = Release|Any CPU
		1a3f927c-4bb4-4b35-9a73-da1f5d1435db.Release|Any CPU.Build.0 = Release|Any CPU
		45a27b66-e4b7-41c1-9962-b901490b1665.Debug|Any CPU.ActiveCfg = Debug|Any CPU
		45a27b66-e4b7-41c1-9962-b901490b1665.Debug|Any CPU.Build.0 = Debug|Any CPU
		45a27b66-e4b7-41c1-9962-b901490b1665.Release|Any CPU.ActiveCfg = Release|Any CPU
		45a27b66-e4b7-41c1-9962-b901490b1665.Release|Any CPU.Build.0 = Release|Any CPU
		43610959-dae8-4e8f-a3ea-99c7944307ab.Debug|Any CPU.ActiveCfg = Debug|Any CPU
		43610959-dae8-4e8f-a3ea-99c7944307ab.Debug|Any CPU.Build.0 = Debug|Any CPU
		43610959-dae8-4e8f-a3ea-99c7944307ab.Release|Any CPU.ActiveCfg = Release|Any CPU
		43610959-dae8-4e8f-a3ea-99c7944307ab.Release|Any CPU.Build.0 = Release|Any CPU
		301f6241-873d-4c44-8c34-8fca6b05b357.Debug|Any CPU.ActiveCfg = Debug|Any CPU
		301f6241-873d-4c44-8c34-8fca6b05b357.Debug|Any CPU.Build.0 = Debug|Any CPU
		301f6241-873d-4c44-8c34-8fca6b05b357.Release|Any CPU.ActiveCfg = Release|Any CPU
		301f6241-873d-4c44-8c34-8fca6b05b357.Release|Any CPU.Build.0 = Release|Any CPU
	EndGlobalSection
	GlobalSection(SolutionProperties) = preSolution
		HideSolutionNode = FALSE
	EndGlobalSection
EndGlobal
